// !$*UTF8*$!
{
	archiveVersion = 1;
	classes = {
	};
	objectVersion = 56;
	objects = {

/* Begin PBXBuildFile section */
		F5D7240E296D6EEC00D52538 /* ipassApp.swift in Sources */ = {isa = PBXBuildFile; fileRef = F5D7240D296D6EEC00D52538 /* ipassApp.swift */; };
		F5D72410296D6EEC00D52538 /* ContentView.swift in Sources */ = {isa = PBXBuildFile; fileRef = F5D7240F296D6EEC00D52538 /* ContentView.swift */; };
		F5D72412296D6EED00D52538 /* Assets.xcassets in Resources */ = {isa = PBXBuildFile; fileRef = F5D72411296D6EED00D52538 /* Assets.xcassets */; };
		F5D72415296D6EED00D52538 /* Preview Assets.xcassets in Resources */ = {isa = PBXBuildFile; fileRef = F5D72414296D6EED00D52538 /* Preview Assets.xcassets */; };
		F5D7241F296D6EED00D52538 /* ipassTests.swift in Sources */ = {isa = PBXBuildFile; fileRef = F5D7241E296D6EED00D52538 /* ipassTests.swift */; };
		F5D72429296D6EED00D52538 /* ipassUITests.swift in Sources */ = {isa = PBXBuildFile; fileRef = F5D72428296D6EED00D52538 /* ipassUITests.swift */; };
		F5D7242B296D6EED00D52538 /* ipassUITestsLaunchTests.swift in Sources */ = {isa = PBXBuildFile; fileRef = F5D7242A296D6EED00D52538 /* ipassUITestsLaunchTests.swift */; };
		F5D72445296D7E7C00D52538 /* PageView.swift in Sources */ = {isa = PBXBuildFile; fileRef = F5D72444296D7E7C00D52538 /* PageView.swift */; };
		F5D72447296D8FAC00D52538 /* Carousel.swift in Sources */ = {isa = PBXBuildFile; fileRef = F5D72446296D8FAC00D52538 /* Carousel.swift */; };
		F5D7244A296D90DE00D52538 /* User.swift in Sources */ = {isa = PBXBuildFile; fileRef = F5D72449296D90DE00D52538 /* User.swift */; };
		F5D7244E296EA9FA00D52538 /* HomePage.swift in Sources */ = {isa = PBXBuildFile; fileRef = F5D7244D296EA9FA00D52538 /* HomePage.swift */; };
		F5D72450296EAA4500D52538 /* MyAccountCard.swift in Sources */ = {isa = PBXBuildFile; fileRef = F5D7244F296EAA4500D52538 /* MyAccountCard.swift */; };
		F5D72457296EADE700D52538 /* ColorExt.swift in Sources */ = {isa = PBXBuildFile; fileRef = F5D72456296EADE700D52538 /* ColorExt.swift */; };
		F5D7245B296EC36000D52538 /* HomeIcon.swift in Sources */ = {isa = PBXBuildFile; fileRef = F5D7245A296EC36000D52538 /* HomeIcon.swift */; };
		F5D7245D296ECABE00D52538 /* View.swift in Sources */ = {isa = PBXBuildFile; fileRef = F5D7245C296ECABE00D52538 /* View.swift */; };
		F5D72460296FAE4700D52538 /* IndexBottomBar.swift in Sources */ = {isa = PBXBuildFile; fileRef = F5D7245F296FAE4700D52538 /* IndexBottomBar.swift */; };
		F5D72464296FC1D000D52538 /* IndexContainer.swift in Sources */ = {isa = PBXBuildFile; fileRef = F5D72463296FC1D000D52538 /* IndexContainer.swift */; };
		F5D72466296FEB2500D52538 /* IPassCardPage.swift in Sources */ = {isa = PBXBuildFile; fileRef = F5D72465296FEB2500D52538 /* IPassCardPage.swift */; };
		F5D72468296FEB5D00D52538 /* TopAppBar.swift in Sources */ = {isa = PBXBuildFile; fileRef = F5D72467296FEB5D00D52538 /* TopAppBar.swift */; };
		F5D7246A2971398900D52538 /* BannerPage.swift in Sources */ = {isa = PBXBuildFile; fileRef = F5D724692971398900D52538 /* BannerPage.swift */; };
/* End PBXBuildFile section */

/* Begin PBXContainerItemProxy section */
		F5D7241B296D6EED00D52538 /* PBXContainerItemProxy */ = {
			isa = PBXContainerItemProxy;
			containerPortal = F5D72402296D6EEC00D52538 /* Project object */;
			proxyType = 1;
			remoteGlobalIDString = F5D72409296D6EEC00D52538;
			remoteInfo = ipass;
		};
		F5D72425296D6EED00D52538 /* PBXContainerItemProxy */ = {
			isa = PBXContainerItemProxy;
			containerPortal = F5D72402296D6EEC00D52538 /* Project object */;
			proxyType = 1;
			remoteGlobalIDString = F5D72409296D6EEC00D52538;
			remoteInfo = ipass;
		};
/* End PBXContainerItemProxy section */

/* Begin PBXFileReference section */
		F5D7240A296D6EEC00D52538 /* ipass.app */ = {isa = PBXFileReference; explicitFileType = wrapper.application; includeInIndex = 0; path = ipass.app; sourceTree = BUILT_PRODUCTS_DIR; };
		F5D7240D296D6EEC00D52538 /* ipassApp.swift */ = {isa = PBXFileReference; lastKnownFileType = sourcecode.swift; path = ipassApp.swift; sourceTree = "<group>"; };
		F5D7240F296D6EEC00D52538 /* ContentView.swift */ = {isa = PBXFileReference; lastKnownFileType = sourcecode.swift; path = ContentView.swift; sourceTree = "<group>"; };
		F5D72411296D6EED00D52538 /* Assets.xcassets */ = {isa = PBXFileReference; lastKnownFileType = folder.assetcatalog; path = Assets.xcassets; sourceTree = "<group>"; };
		F5D72414296D6EED00D52538 /* Preview Assets.xcassets */ = {isa = PBXFileReference; lastKnownFileType = folder.assetcatalog; path = "Preview Assets.xcassets"; sourceTree = "<group>"; };
		F5D7241A296D6EED00D52538 /* ipassTests.xctest */ = {isa = PBXFileReference; explicitFileType = wrapper.cfbundle; includeInIndex = 0; path = ipassTests.xctest; sourceTree = BUILT_PRODUCTS_DIR; };
		F5D7241E296D6EED00D52538 /* ipassTests.swift */ = {isa = PBXFileReference; lastKnownFileType = sourcecode.swift; path = ipassTests.swift; sourceTree = "<group>"; };
		F5D72424296D6EED00D52538 /* ipassUITests.xctest */ = {isa = PBXFileReference; explicitFileType = wrapper.cfbundle; includeInIndex = 0; path = ipassUITests.xctest; sourceTree = BUILT_PRODUCTS_DIR; };
		F5D72428296D6EED00D52538 /* ipassUITests.swift */ = {isa = PBXFileReference; lastKnownFileType = sourcecode.swift; path = ipassUITests.swift; sourceTree = "<group>"; };
		F5D7242A296D6EED00D52538 /* ipassUITestsLaunchTests.swift */ = {isa = PBXFileReference; lastKnownFileType = sourcecode.swift; path = ipassUITestsLaunchTests.swift; sourceTree = "<group>"; };
		F5D72444296D7E7C00D52538 /* PageView.swift */ = {isa = PBXFileReference; lastKnownFileType = sourcecode.swift; path = PageView.swift; sourceTree = "<group>"; };
		F5D72446296D8FAC00D52538 /* Carousel.swift */ = {isa = PBXFileReference; lastKnownFileType = sourcecode.swift; path = Carousel.swift; sourceTree = "<group>"; };
		F5D72449296D90DE00D52538 /* User.swift */ = {isa = PBXFileReference; lastKnownFileType = sourcecode.swift; path = User.swift; sourceTree = "<group>"; };
		F5D7244D296EA9FA00D52538 /* HomePage.swift */ = {isa = PBXFileReference; lastKnownFileType = sourcecode.swift; path = HomePage.swift; sourceTree = "<group>"; };
		F5D7244F296EAA4500D52538 /* MyAccountCard.swift */ = {isa = PBXFileReference; lastKnownFileType = sourcecode.swift; path = MyAccountCard.swift; sourceTree = "<group>"; };
		F5D72456296EADE700D52538 /* ColorExt.swift */ = {isa = PBXFileReference; lastKnownFileType = sourcecode.swift; path = ColorExt.swift; sourceTree = "<group>"; };
		F5D7245A296EC36000D52538 /* HomeIcon.swift */ = {isa = PBXFileReference; lastKnownFileType = sourcecode.swift; path = HomeIcon.swift; sourceTree = "<group>"; };
		F5D7245C296ECABE00D52538 /* View.swift */ = {isa = PBXFileReference; lastKnownFileType = sourcecode.swift; path = View.swift; sourceTree = "<group>"; };
		F5D7245F296FAE4700D52538 /* IndexBottomBar.swift */ = {isa = PBXFileReference; lastKnownFileType = sourcecode.swift; path = IndexBottomBar.swift; sourceTree = "<group>"; };
		F5D72463296FC1D000D52538 /* IndexContainer.swift */ = {isa = PBXFileReference; lastKnownFileType = sourcecode.swift; path = IndexContainer.swift; sourceTree = "<group>"; };
		F5D72465296FEB2500D52538 /* IPassCardPage.swift */ = {isa = PBXFileReference; lastKnownFileType = sourcecode.swift; path = IPassCardPage.swift; sourceTree = "<group>"; };
		F5D72467296FEB5D00D52538 /* TopAppBar.swift */ = {isa = PBXFileReference; lastKnownFileType = sourcecode.swift; path = TopAppBar.swift; sourceTree = "<group>"; };
		F5D724692971398900D52538 /* BannerPage.swift */ = {isa = PBXFileReference; lastKnownFileType = sourcecode.swift; path = BannerPage.swift; sourceTree = "<group>"; };
/* End PBXFileReference section */

/* Begin PBXFrameworksBuildPhase section */
		F5D72407296D6EEC00D52538 /* Frameworks */ = {
			isa = PBXFrameworksBuildPhase;
			buildActionMask = 2147483647;
			files = (
			);
			runOnlyForDeploymentPostprocessing = 0;
		};
		F5D72417296D6EED00D52538 /* Frameworks */ = {
			isa = PBXFrameworksBuildPhase;
			buildActionMask = 2147483647;
			files = (
			);
			runOnlyForDeploymentPostprocessing = 0;
		};
		F5D72421296D6EED00D52538 /* Frameworks */ = {
			isa = PBXFrameworksBuildPhase;
			buildActionMask = 2147483647;
			files = (
			);
			runOnlyForDeploymentPostprocessing = 0;
		};
/* End PBXFrameworksBuildPhase section */

/* Begin PBXGroup section */
		F5D72401296D6EEC00D52538 = {
			isa = PBXGroup;
			children = (
				F5D7240C296D6EEC00D52538 /* ipass */,
				F5D7241D296D6EED00D52538 /* ipassTests */,
				F5D72427296D6EED00D52538 /* ipassUITests */,
				F5D7240B296D6EEC00D52538 /* Products */,
			);
			sourceTree = "<group>";
		};
		F5D7240B296D6EEC00D52538 /* Products */ = {
			isa = PBXGroup;
			children = (
				F5D7240A296D6EEC00D52538 /* ipass.app */,
				F5D7241A296D6EED00D52538 /* ipassTests.xctest */,
				F5D72424296D6EED00D52538 /* ipassUITests.xctest */,
			);
			name = Products;
			sourceTree = "<group>";
		};
		F5D7240C296D6EEC00D52538 /* ipass */ = {
			isa = PBXGroup;
			children = (
				F5D72454296EADC800D52538 /* utils */,
				F5D72451296EACEC00D52538 /* constants */,
				F5D7244B296EA9AA00D52538 /* ui */,
				F5D72448296D90D100D52538 /* model */,
				F5D7240D296D6EEC00D52538 /* ipassApp.swift */,
				F5D7240F296D6EEC00D52538 /* ContentView.swift */,
				F5D72411296D6EED00D52538 /* Assets.xcassets */,
				F5D72413296D6EED00D52538 /* Preview Content */,
			);
			path = ipass;
			sourceTree = "<group>";
		};
		F5D72413296D6EED00D52538 /* Preview Content */ = {
			isa = PBXGroup;
			children = (
				F5D72414296D6EED00D52538 /* Preview Assets.xcassets */,
			);
			path = "Preview Content";
			sourceTree = "<group>";
		};
		F5D7241D296D6EED00D52538 /* ipassTests */ = {
			isa = PBXGroup;
			children = (
				F5D7241E296D6EED00D52538 /* ipassTests.swift */,
			);
			path = ipassTests;
			sourceTree = "<group>";
		};
		F5D72427296D6EED00D52538 /* ipassUITests */ = {
			isa = PBXGroup;
			children = (
				F5D72428296D6EED00D52538 /* ipassUITests.swift */,
				F5D7242A296D6EED00D52538 /* ipassUITestsLaunchTests.swift */,
			);
			path = ipassUITests;
			sourceTree = "<group>";
		};
		F5D72443296D7E6F00D52538 /* components */ = {
			isa = PBXGroup;
			children = (
				F5D72462296FC1A300D52538 /* containers */,
				F5D7245E296FADE500D52538 /* indexBottomBar */,
				F5D72444296D7E7C00D52538 /* PageView.swift */,
				F5D72446296D8FAC00D52538 /* Carousel.swift */,
				F5D7244F296EAA4500D52538 /* MyAccountCard.swift */,
				F5D7245A296EC36000D52538 /* HomeIcon.swift */,
				F5D72467296FEB5D00D52538 /* TopAppBar.swift */,
			);
			path = components;
			sourceTree = "<group>";
		};
		F5D72448296D90D100D52538 /* model */ = {
			isa = PBXGroup;
			children = (
				F5D72449296D90DE00D52538 /* User.swift */,
			);
			path = model;
			sourceTree = "<group>";
		};
		F5D7244B296EA9AA00D52538 /* ui */ = {
			isa = PBXGroup;
			children = (
				F5D7244C296EA9B300D52538 /* views */,
				F5D72443296D7E6F00D52538 /* components */,
			);
			path = ui;
			sourceTree = "<group>";
		};
		F5D7244C296EA9B300D52538 /* views */ = {
			isa = PBXGroup;
			children = (
				F5D7244D296EA9FA00D52538 /* HomePage.swift */,
				F5D72465296FEB2500D52538 /* IPassCardPage.swift */,
				F5D724692971398900D52538 /* BannerPage.swift */,
			);
			path = views;
			sourceTree = "<group>";
		};
		F5D72451296EACEC00D52538 /* constants */ = {
			isa = PBXGroup;
			children = (
			);
			path = constants;
			sourceTree = "<group>";
		};
		F5D72454296EADC800D52538 /* utils */ = {
			isa = PBXGroup;
			children = (
				F5D72455296EADD300D52538 /* extension */,
			);
			path = utils;
			sourceTree = "<group>";
		};
		F5D72455296EADD300D52538 /* extension */ = {
			isa = PBXGroup;
			children = (
				F5D72456296EADE700D52538 /* ColorExt.swift */,
				F5D7245C296ECABE00D52538 /* View.swift */,
			);
			path = extension;
			sourceTree = "<group>";
		};
		F5D7245E296FADE500D52538 /* indexBottomBar */ = {
			isa = PBXGroup;
			children = (
				F5D7245F296FAE4700D52538 /* IndexBottomBar.swift */,
			);
			path = indexBottomBar;
			sourceTree = "<group>";
		};
		F5D72462296FC1A300D52538 /* containers */ = {
			isa = PBXGroup;
			children = (
				F5D72463296FC1D000D52538 /* IndexContainer.swift */,
			);
			path = containers;
			sourceTree = "<group>";
		};
/* End PBXGroup section */

/* Begin PBXNativeTarget section */
		F5D72409296D6EEC00D52538 /* ipass */ = {
			isa = PBXNativeTarget;
			buildConfigurationList = F5D7242E296D6EED00D52538 /* Build configuration list for PBXNativeTarget "ipass" */;
			buildPhases = (
				F5D72406296D6EEC00D52538 /* Sources */,
				F5D72407296D6EEC00D52538 /* Frameworks */,
				F5D72408296D6EEC00D52538 /* Resources */,
			);
			buildRules = (
			);
			dependencies = (
			);
			name = ipass;
			packageProductDependencies = (
			);
			productName = ipass;
			productReference = F5D7240A296D6EEC00D52538 /* ipass.app */;
			productType = "com.apple.product-type.application";
		};
		F5D72419296D6EED00D52538 /* ipassTests */ = {
			isa = PBXNativeTarget;
			buildConfigurationList = F5D72431296D6EED00D52538 /* Build configuration list for PBXNativeTarget "ipassTests" */;
			buildPhases = (
				F5D72416296D6EED00D52538 /* Sources */,
				F5D72417296D6EED00D52538 /* Frameworks */,
				F5D72418296D6EED00D52538 /* Resources */,
			);
			buildRules = (
			);
			dependencies = (
				F5D7241C296D6EED00D52538 /* PBXTargetDependency */,
			);
			name = ipassTests;
			productName = ipassTests;
			productReference = F5D7241A296D6EED00D52538 /* ipassTests.xctest */;
			productType = "com.apple.product-type.bundle.unit-test";
		};
		F5D72423296D6EED00D52538 /* ipassUITests */ = {
			isa = PBXNativeTarget;
			buildConfigurationList = F5D72434296D6EED00D52538 /* Build configuration list for PBXNativeTarget "ipassUITests" */;
			buildPhases = (
				F5D72420296D6EED00D52538 /* Sources */,
				F5D72421296D6EED00D52538 /* Frameworks */,
				F5D72422296D6EED00D52538 /* Resources */,
			);
			buildRules = (
			);
			dependencies = (
				F5D72426296D6EED00D52538 /* PBXTargetDependency */,
			);
			name = ipassUITests;
			productName = ipassUITests;
			productReference = F5D72424296D6EED00D52538 /* ipassUITests.xctest */;
			productType = "com.apple.product-type.bundle.ui-testing";
		};
/* End PBXNativeTarget section */

/* Begin PBXProject section */
		F5D72402296D6EEC00D52538 /* Project object */ = {
			isa = PBXProject;
			attributes = {
				BuildIndependentTargetsInParallel = 1;
				LastSwiftUpdateCheck = 1420;
				LastUpgradeCheck = 1420;
				TargetAttributes = {
					F5D72409296D6EEC00D52538 = {
						CreatedOnToolsVersion = 14.2;
					};
					F5D72419296D6EED00D52538 = {
						CreatedOnToolsVersion = 14.2;
						TestTargetID = F5D72409296D6EEC00D52538;
					};
					F5D72423296D6EED00D52538 = {
						CreatedOnToolsVersion = 14.2;
						TestTargetID = F5D72409296D6EEC00D52538;
					};
				};
			};
			buildConfigurationList = F5D72405296D6EEC00D52538 /* Build configuration list for PBXProject "ipass" */;
			compatibilityVersion = "Xcode 14.0";
			developmentRegion = en;
			hasScannedForEncodings = 0;
			knownRegions = (
				en,
				Base,
			);
			mainGroup = F5D72401296D6EEC00D52538;
			packageReferences = (
			);
			productRefGroup = F5D7240B296D6EEC00D52538 /* Products */;
			projectDirPath = "";
			projectRoot = "";
			targets = (
				F5D72409296D6EEC00D52538 /* ipass */,
				F5D72419296D6EED00D52538 /* ipassTests */,
				F5D72423296D6EED00D52538 /* ipassUITests */,
			);
		};
/* End PBXProject section */

/* Begin PBXResourcesBuildPhase section */
		F5D72408296D6EEC00D52538 /* Resources */ = {
			isa = PBXResourcesBuildPhase;
			buildActionMask = 2147483647;
			files = (
				F5D72415296D6EED00D52538 /* Preview Assets.xcassets in Resources */,
				F5D72412296D6EED00D52538 /* Assets.xcassets in Resources */,
			);
			runOnlyForDeploymentPostprocessing = 0;
		};
		F5D72418296D6EED00D52538 /* Resources */ = {
			isa = PBXResourcesBuildPhase;
			buildActionMask = 2147483647;
			files = (
			);
			runOnlyForDeploymentPostprocessing = 0;
		};
		F5D72422296D6EED00D52538 /* Resources */ = {
			isa = PBXResourcesBuildPhase;
			buildActionMask = 2147483647;
			files = (
			);
			runOnlyForDeploymentPostprocessing = 0;
		};
/* End PBXResourcesBuildPhase section */

/* Begin PBXSourcesBuildPhase section */
		F5D72406296D6EEC00D52538 /* Sources */ = {
			isa = PBXSourcesBuildPhase;
			buildActionMask = 2147483647;
			files = (
				F5D72410296D6EEC00D52538 /* ContentView.swift in Sources */,
				F5D72468296FEB5D00D52538 /* TopAppBar.swift in Sources */,
				F5D7244E296EA9FA00D52538 /* HomePage.swift in Sources */,
				F5D7245D296ECABE00D52538 /* View.swift in Sources */,
				F5D72466296FEB2500D52538 /* IPassCardPage.swift in Sources */,
				F5D72445296D7E7C00D52538 /* PageView.swift in Sources */,
				F5D72460296FAE4700D52538 /* IndexBottomBar.swift in Sources */,
				F5D72457296EADE700D52538 /* ColorExt.swift in Sources */,
				F5D7245B296EC36000D52538 /* HomeIcon.swift in Sources */,
				F5D7240E296D6EEC00D52538 /* ipassApp.swift in Sources */,
				F5D7246A2971398900D52538 /* BannerPage.swift in Sources */,
				F5D72450296EAA4500D52538 /* MyAccountCard.swift in Sources */,
				F5D7244A296D90DE00D52538 /* User.swift in Sources */,
				F5D72464296FC1D000D52538 /* IndexContainer.swift in Sources */,
				F5D72447296D8FAC00D52538 /* Carousel.swift in Sources */,
			);
			runOnlyForDeploymentPostprocessing = 0;
		};
		F5D72416296D6EED00D52538 /* Sources */ = {
			isa = PBXSourcesBuildPhase;
			buildActionMask = 2147483647;
			files = (
				F5D7241F296D6EED00D52538 /* ipassTests.swift in Sources */,
			);
			runOnlyForDeploymentPostprocessing = 0;
		};
		F5D72420296D6EED00D52538 /* Sources */ = {
			isa = PBXSourcesBuildPhase;
			buildActionMask = 2147483647;
			files = (
				F5D72429296D6EED00D52538 /* ipassUITests.swift in Sources */,
				F5D7242B296D6EED00D52538 /* ipassUITestsLaunchTests.swift in Sources */,
			);
			runOnlyForDeploymentPostprocessing = 0;
		};
/* End PBXSourcesBuildPhase section */

/* Begin PBXTargetDependency section */
		F5D7241C296D6EED00D52538 /* PBXTargetDependency */ = {
			isa = PBXTargetDependency;
			target = F5D72409296D6EEC00D52538 /* ipass */;
			targetProxy = F5D7241B296D6EED00D52538 /* PBXContainerItemProxy */;
		};
		F5D72426296D6EED00D52538 /* PBXTargetDependency */ = {
			isa = PBXTargetDependency;
			target = F5D72409296D6EEC00D52538 /* ipass */;
			targetProxy = F5D72425296D6EED00D52538 /* PBXContainerItemProxy */;
		};
/* End PBXTargetDependency section */

/* Begin XCBuildConfiguration section */
		F5D7242C296D6EED00D52538 /* Debug */ = {
			isa = XCBuildConfiguration;
			buildSettings = {
				ALWAYS_SEARCH_USER_PATHS = NO;
				CLANG_ANALYZER_NONNULL = YES;
				CLANG_ANALYZER_NUMBER_OBJECT_CONVERSION = YES_AGGRESSIVE;
				CLANG_CXX_LANGUAGE_STANDARD = "gnu++20";
				CLANG_ENABLE_MODULES = YES;
				CLANG_ENABLE_OBJC_ARC = YES;
				CLANG_ENABLE_OBJC_WEAK = YES;
				CLANG_WARN_BLOCK_CAPTURE_AUTORELEASING = YES;
				CLANG_WARN_BOOL_CONVERSION = YES;
				CLANG_WARN_COMMA = YES;
				CLANG_WARN_CONSTANT_CONVERSION = YES;
				CLANG_WARN_DEPRECATED_OBJC_IMPLEMENTATIONS = YES;
				CLANG_WARN_DIRECT_OBJC_ISA_USAGE = YES_ERROR;
				CLANG_WARN_DOCUMENTATION_COMMENTS = YES;
				CLANG_WARN_EMPTY_BODY = YES;
				CLANG_WARN_ENUM_CONVERSION = YES;
				CLANG_WARN_INFINITE_RECURSION = YES;
				CLANG_WARN_INT_CONVERSION = YES;
				CLANG_WARN_NON_LITERAL_NULL_CONVERSION = YES;
				CLANG_WARN_OBJC_IMPLICIT_RETAIN_SELF = YES;
				CLANG_WARN_OBJC_LITERAL_CONVERSION = YES;
				CLANG_WARN_OBJC_ROOT_CLASS = YES_ERROR;
				CLANG_WARN_QUOTED_INCLUDE_IN_FRAMEWORK_HEADER = YES;
				CLANG_WARN_RANGE_LOOP_ANALYSIS = YES;
				CLANG_WARN_STRICT_PROTOTYPES = YES;
				CLANG_WARN_SUSPICIOUS_MOVE = YES;
				CLANG_WARN_UNGUARDED_AVAILABILITY = YES_AGGRESSIVE;
				CLANG_WARN_UNREACHABLE_CODE = YES;
				CLANG_WARN__DUPLICATE_METHOD_MATCH = YES;
				COPY_PHASE_STRIP = NO;
				DEBUG_INFORMATION_FORMAT = dwarf;
				ENABLE_STRICT_OBJC_MSGSEND = YES;
				ENABLE_TESTABILITY = YES;
				GCC_C_LANGUAGE_STANDARD = gnu11;
				GCC_DYNAMIC_NO_PIC = NO;
				GCC_NO_COMMON_BLOCKS = YES;
				GCC_OPTIMIZATION_LEVEL = 0;
				GCC_PREPROCESSOR_DEFINITIONS = (
					"DEBUG=1",
					"$(inherited)",
				);
				GCC_WARN_64_TO_32_BIT_CONVERSION = YES;
				GCC_WARN_ABOUT_RETURN_TYPE = YES_ERROR;
				GCC_WARN_UNDECLARED_SELECTOR = YES;
				GCC_WARN_UNINITIALIZED_AUTOS = YES_AGGRESSIVE;
				GCC_WARN_UNUSED_FUNCTION = YES;
				GCC_WARN_UNUSED_VARIABLE = YES;
				IPHONEOS_DEPLOYMENT_TARGET = 16.2;
				MTL_ENABLE_DEBUG_INFO = INCLUDE_SOURCE;
				MTL_FAST_MATH = YES;
				ONLY_ACTIVE_ARCH = YES;
				SDKROOT = iphoneos;
				SWIFT_ACTIVE_COMPILATION_CONDITIONS = DEBUG;
				SWIFT_OPTIMIZATION_LEVEL = "-Onone";
			};
			name = Debug;
		};
		F5D7242D296D6EED00D52538 /* Release */ = {
			isa = XCBuildConfiguration;
			buildSettings = {
				ALWAYS_SEARCH_USER_PATHS = NO;
				CLANG_ANALYZER_NONNULL = YES;
				CLANG_ANALYZER_NUMBER_OBJECT_CONVERSION = YES_AGGRESSIVE;
				CLANG_CXX_LANGUAGE_STANDARD = "gnu++20";
				CLANG_ENABLE_MODULES = YES;
				CLANG_ENABLE_OBJC_ARC = YES;
				CLANG_ENABLE_OBJC_WEAK = YES;
				CLANG_WARN_BLOCK_CAPTURE_AUTORELEASING = YES;
				CLANG_WARN_BOOL_CONVERSION = YES;
				CLANG_WARN_COMMA = YES;
				CLANG_WARN_CONSTANT_CONVERSION = YES;
				CLANG_WARN_DEPRECATED_OBJC_IMPLEMENTATIONS = YES;
				CLANG_WARN_DIRECT_OBJC_ISA_USAGE = YES_ERROR;
				CLANG_WARN_DOCUMENTATION_COMMENTS = YES;
				CLANG_WARN_EMPTY_BODY = YES;
				CLANG_WARN_ENUM_CONVERSION = YES;
				CLANG_WARN_INFINITE_RECURSION = YES;
				CLANG_WARN_INT_CONVERSION = YES;
				CLANG_WARN_NON_LITERAL_NULL_CONVERSION = YES;
				CLANG_WARN_OBJC_IMPLICIT_RETAIN_SELF = YES;
				CLANG_WARN_OBJC_LITERAL_CONVERSION = YES;
				CLANG_WARN_OBJC_ROOT_CLASS = YES_ERROR;
				CLANG_WARN_QUOTED_INCLUDE_IN_FRAMEWORK_HEADER = YES;
				CLANG_WARN_RANGE_LOOP_ANALYSIS = YES;
				CLANG_WARN_STRICT_PROTOTYPES = YES;
				CLANG_WARN_SUSPICIOUS_MOVE = YES;
				CLANG_WARN_UNGUARDED_AVAILABILITY = YES_AGGRESSIVE;
				CLANG_WARN_UNREACHABLE_CODE = YES;
				CLANG_WARN__DUPLICATE_METHOD_MATCH = YES;
				COPY_PHASE_STRIP = NO;
				DEBUG_INFORMATION_FORMAT = "dwarf-with-dsym";
				ENABLE_NS_ASSERTIONS = NO;
				ENABLE_STRICT_OBJC_MSGSEND = YES;
				GCC_C_LANGUAGE_STANDARD = gnu11;
				GCC_NO_COMMON_BLOCKS = YES;
				GCC_WARN_64_TO_32_BIT_CONVERSION = YES;
				GCC_WARN_ABOUT_RETURN_TYPE = YES_ERROR;
				GCC_WARN_UNDECLARED_SELECTOR = YES;
				GCC_WARN_UNINITIALIZED_AUTOS = YES_AGGRESSIVE;
				GCC_WARN_UNUSED_FUNCTION = YES;
				GCC_WARN_UNUSED_VARIABLE = YES;
				IPHONEOS_DEPLOYMENT_TARGET = 16.2;
				MTL_ENABLE_DEBUG_INFO = NO;
				MTL_FAST_MATH = YES;
				SDKROOT = iphoneos;
				SWIFT_COMPILATION_MODE = wholemodule;
				SWIFT_OPTIMIZATION_LEVEL = "-O";
				VALIDATE_PRODUCT = YES;
			};
			name = Release;
		};
		F5D7242F296D6EED00D52538 /* Debug */ = {
			isa = XCBuildConfiguration;
			buildSettings = {
				ASSETCATALOG_COMPILER_APPICON_NAME = AppIcon;
				ASSETCATALOG_COMPILER_GLOBAL_ACCENT_COLOR_NAME = AccentColor;
				CODE_SIGN_STYLE = Automatic;
				CURRENT_PROJECT_VERSION = 1;
				DEVELOPMENT_ASSET_PATHS = "\"ipass/Preview Content\"";
				ENABLE_PREVIEWS = YES;
				GENERATE_INFOPLIST_FILE = YES;
				INFOPLIST_KEY_UIApplicationSceneManifest_Generation = YES;
				INFOPLIST_KEY_UIApplicationSupportsIndirectInputEvents = YES;
				INFOPLIST_KEY_UILaunchScreen_Generation = YES;
				INFOPLIST_KEY_UISupportedInterfaceOrientations_iPad = "UIInterfaceOrientationPortrait UIInterfaceOrientationPortraitUpsideDown UIInterfaceOrientationLandscapeLeft UIInterfaceOrientationLandscapeRight";
				INFOPLIST_KEY_UISupportedInterfaceOrientations_iPhone = "UIInterfaceOrientationPortrait UIInterfaceOrientationLandscapeLeft UIInterfaceOrientationLandscapeRight";
				IPHONEOS_DEPLOYMENT_TARGET = 15.0;
				LD_RUNPATH_SEARCH_PATHS = (
					"$(inherited)",
					"@executable_path/Frameworks",
				);
				MARKETING_VERSION = 1.0;
				PRODUCT_BUNDLE_IDENTIFIER = com.tp.poc.ipass;
				PRODUCT_NAME = "$(TARGET_NAME)";
				SWIFT_EMIT_LOC_STRINGS = YES;
				SWIFT_VERSION = 5.0;
				TARGETED_DEVICE_FAMILY = "1,2";
			};
			name = Debug;
		};
		F5D72430296D6EED00D52538 /* Release */ = {
			isa = XCBuildConfiguration;
			buildSettings = {
				ASSETCATALOG_COMPILER_APPICON_NAME = AppIcon;
				ASSETCATALOG_COMPILER_GLOBAL_ACCENT_COLOR_NAME = AccentColor;
				CODE_SIGN_STYLE = Automatic;
				CURRENT_PROJECT_VERSION = 1;
				DEVELOPMENT_ASSET_PATHS = "\"ipass/Preview Content\"";
				ENABLE_PREVIEWS = YES;
				GENERATE_INFOPLIST_FILE = YES;
				INFOPLIST_KEY_UIApplicationSceneManifest_Generation = YES;
				INFOPLIST_KEY_UIApplicationSupportsIndirectInputEvents = YES;
				INFOPLIST_KEY_UILaunchScreen_Generation = YES;
				INFOPLIST_KEY_UISupportedInterfaceOrientations_iPad = "UIInterfaceOrientationPortrait UIInterfaceOrientationPortraitUpsideDown UIInterfaceOrientationLandscapeLeft UIInterfaceOrientationLandscapeRight";
				INFOPLIST_KEY_UISupportedInterfaceOrientations_iPhone = "UIInterfaceOrientationPortrait UIInterfaceOrientationLandscapeLeft UIInterfaceOrientationLandscapeRight";
				IPHONEOS_DEPLOYMENT_TARGET = 15.0;
				LD_RUNPATH_SEARCH_PATHS = (
					"$(inherited)",
					"@executable_path/Frameworks",
				);
				MARKETING_VERSION = 1.0;
				PRODUCT_BUNDLE_IDENTIFIER = com.tp.poc.ipass;
				PRODUCT_NAME = "$(TARGET_NAME)";
				SWIFT_EMIT_LOC_STRINGS = YES;
				SWIFT_VERSION = 5.0;
				TARGETED_DEVICE_FAMILY = "1,2";
			};
			name = Release;
		};
		F5D72432296D6EED00D52538 /* Debug */ = {
			isa = XCBuildConfiguration;
			buildSettings = {
				ALWAYS_EMBED_SWIFT_STANDARD_LIBRARIES = YES;
				BUNDLE_LOADER = "$(TEST_HOST)";
				CODE_SIGN_STYLE = Automatic;
				CURRENT_PROJECT_VERSION = 1;
				GENERATE_INFOPLIST_FILE = YES;
				IPHONEOS_DEPLOYMENT_TARGET = 16.2;
				MARKETING_VERSION = 1.0;
				PRODUCT_BUNDLE_IDENTIFIER = com.tp.poc.ipassTests;
				PRODUCT_NAME = "$(TARGET_NAME)";
				SWIFT_EMIT_LOC_STRINGS = NO;
				SWIFT_VERSION = 5.0;
				TARGETED_DEVICE_FAMILY = "1,2";
				TEST_HOST = "$(BUILT_PRODUCTS_DIR)/ipass.app/$(BUNDLE_EXECUTABLE_FOLDER_PATH)/ipass";
			};
			name = Debug;
		};
		F5D72433296D6EED00D52538 /* Release */ = {
			isa = XCBuildConfiguration;
			buildSettings = {
				ALWAYS_EMBED_SWIFT_STANDARD_LIBRARIES = YES;
				BUNDLE_LOADER = "$(TEST_HOST)";
				CODE_SIGN_STYLE = Automatic;
				CURRENT_PROJECT_VERSION = 1;
				GENERATE_INFOPLIST_FILE = YES;
				IPHONEOS_DEPLOYMENT_TARGET = 16.2;
				MARKETING_VERSION = 1.0;
				PRODUCT_BUNDLE_IDENTIFIER = com.tp.poc.ipassTests;
				PRODUCT_NAME = "$(TARGET_NAME)";
				SWIFT_EMIT_LOC_STRINGS = NO;
				SWIFT_VERSION = 5.0;
				TARGETED_DEVICE_FAMILY = "1,2";
				TEST_HOST = "$(BUILT_PRODUCTS_DIR)/ipass.app/$(BUNDLE_EXECUTABLE_FOLDER_PATH)/ipass";
			};
			name = Release;
		};
		F5D72435296D6EED00D52538 /* Debug */ = {
			isa = XCBuildConfiguration;
			buildSettings = {
				ALWAYS_EMBED_SWIFT_STANDARD_LIBRARIES = YES;
				CODE_SIGN_STYLE = Automatic;
				CURRENT_PROJECT_VERSION = 1;
				GENERATE_INFOPLIST_FILE = YES;
				MARKETING_VERSION = 1.0;
				PRODUCT_BUNDLE_IDENTIFIER = com.tp.poc.ipassUITests;
				PRODUCT_NAME = "$(TARGET_NAME)";
				SWIFT_EMIT_LOC_STRINGS = NO;
				SWIFT_VERSION = 5.0;
				TARGETED_DEVICE_FAMILY = "1,2";
				TEST_TARGET_NAME = ipass;
			};
			name = Debug;
		};
		F5D72436296D6EED00D52538 /* Release */ = {
			isa = XCBuildConfiguration;
			buildSettings = {
				ALWAYS_EMBED_SWIFT_STANDARD_LIBRARIES = YES;
				CODE_SIGN_STYLE = Automatic;
				CURRENT_PROJECT_VERSION = 1;
				GENERATE_INFOPLIST_FILE = YES;
				MARKETING_VERSION = 1.0;
				PRODUCT_BUNDLE_IDENTIFIER = com.tp.poc.ipassUITests;
				PRODUCT_NAME = "$(TARGET_NAME)";
				SWIFT_EMIT_LOC_STRINGS = NO;
				SWIFT_VERSION = 5.0;
				TARGETED_DEVICE_FAMILY = "1,2";
				TEST_TARGET_NAME = ipass;
			};
			name = Release;
		};
/* End XCBuildConfiguration section */

/* Begin XCConfigurationList section */
		F5D72405296D6EEC00D52538 /* Build configuration list for PBXProject "ipass" */ = {
			isa = XCConfigurationList;
			buildConfigurations = (
				F5D7242C296D6EED00D52538 /* Debug */,
				F5D7242D296D6EED00D52538 /* Release */,
			);
			defaultConfigurationIsVisible = 0;
			defaultConfigurationName = Release;
		};
		F5D7242E296D6EED00D52538 /* Build configuration list for PBXNativeTarget "ipass" */ = {
			isa = XCConfigurationList;
			buildConfigurations = (
				F5D7242F296D6EED00D52538 /* Debug */,
				F5D72430296D6EED00D52538 /* Release */,
			);
			defaultConfigurationIsVisible = 0;
			defaultConfigurationName = Release;
		};
		F5D72431296D6EED00D52538 /* Build configuration list for PBXNativeTarget "ipassTests" */ = {
			isa = XCConfigurationList;
			buildConfigurations = (
				F5D72432296D6EED00D52538 /* Debug */,
				F5D72433296D6EED00D52538 /* Release */,
			);
			defaultConfigurationIsVisible = 0;
			defaultConfigurationName = Release;
		};
		F5D72434296D6EED00D52538 /* Build configuration list for PBXNativeTarget "ipassUITests" */ = {
			isa = XCConfigurationList;
			buildConfigurations = (
				F5D72435296D6EED00D52538 /* Debug */,
				F5D72436296D6EED00D52538 /* Release */,
			);
			defaultConfigurationIsVisible = 0;
			defaultConfigurationName = Release;
		};
/* End XCConfigurationList section */
	};
	rootObject = F5D72402296D6EEC00D52538 /* Project object */;
}
